
Microsoft Visual Studio Solution File, Format Version 12.00
# Visual Studio 15
VisualStudioVersion = 15.0.28307.902
MinimumVisualStudioVersion = 10.0.40219.1
Project("{FAE04EC0-301F-11D3-BF4B-00C04F79EFBC}") = "Basic Calculator", "Basic Calculator\Basic Calculator.csproj", "{35DF7E0A-ECE9-4A71-8E92-1482910E3EF1}"
EndProject
Global
	GlobalSection(SolutionConfigurationPlatforms) = preSolution
		Debug|Any CPU = Debug|Any CPU
		Release|Any CPU = Release|Any CPU
	EndGlobalSection
	GlobalSection(ProjectConfigurationPlatforms) = postSolution
		{35DF7E0A-ECE9-4A71-8E92-1482910E3EF1}.Debug|Any CPU.ActiveCfg = Debug|Any CPU
		{35DF7E0A-ECE9-4A71-8E92-1482910E3EF1}.Debug|Any CPU.Build.0 = Debug|Any CPU
		{35DF7E0A-ECE9-4A71-8E92-1482910E3EF1}.Release|Any CPU.ActiveCfg = Release|Any CPU
		{35DF7E0A-ECE9-4A71-8E92-1482910E3EF1}.Release|Any CPU.Build.0 = Release|Any CPU
	EndGlobalSection
	GlobalSection(SolutionProperties) = preSolution
		HideSolutionNode = FALSE
	EndGlobalSection
	GlobalSection(ExtensibilityGlobals) = postSolution
		SolutionGuid = {27C88F68-0328-49A4-A712-932ACF1D528F}
	EndGlobalSection
EndGlobal
